
Microsoft Visual Studio Solution File, Format Version 12.00
# Visual Studio 15
VisualStudioVersion = 15.0.25807.0
MinimumVisualStudioVersion = 10.0.40219.1
Project("{2150E333-8FDC-42A3-9474-1A3956D46DE8}") = "Engine", "Engine", "{B58FB067-B0DF-477F-9FDD-99F8B76A50EA}"
EndProject
Project("{2150E333-8FDC-42A3-9474-1A3956D46DE8}") = "Games", "Games", "{1B28AAF1-D8ED-4D8C-A870-1317DE11783B}"
EndProject
Project("{8BC9CEB8-8B4A-11D0-8D11-00A0C91BC942}") = "UE4", "Intermediate\ProjectFiles\UE4.vcxproj", "{E08AD2CD-ECD1-4611-8799-23188A0EF2DF}"
EndProject
Project("{8BC9CEB8-8B4A-11D0-8D11-00A0C91BC942}") = "CoopGame", "Intermediate\ProjectFiles\CoopGame.vcxproj", "{EDA4FFA5-A41D-4246-862C-989B19225398}"
EndProject
Project("{2150E333-8FDC-42A3-9474-1A3956D46DE8}") = "Visualizers", "Visualizers", "{C5A053C4-C9A6-4CCF-BC06-359BC81106A3}"
	ProjectSection(SolutionItems) = preProject
		..\..\Games\UE_4.24\Engine\Extras\VisualStudioDebugging\UE4.natvis = ..\..\Games\UE_4.24\Engine\Extras\VisualStudioDebugging\UE4.natvis
	EndProjectSection
EndProject
Global
	GlobalSection(SolutionConfigurationPlatforms) = preSolution
		DebugGame Editor|Android = DebugGame Editor|Android
		DebugGame Editor|Win32 = DebugGame Editor|Win32
		DebugGame Editor|Win64 = DebugGame Editor|Win64
		DebugGame|Android = DebugGame|Android
		DebugGame|Win32 = DebugGame|Win32
		DebugGame|Win64 = DebugGame|Win64
		Development Editor|Android = Development Editor|Android
		Development Editor|Win32 = Development Editor|Win32
		Development Editor|Win64 = Development Editor|Win64
		Development|Android = Development|Android
		Development|Win32 = Development|Win32
		Development|Win64 = Development|Win64
		Shipping|Android = Shipping|Android
		Shipping|Win32 = Shipping|Win32
		Shipping|Win64 = Shipping|Win64
	EndGlobalSection
	GlobalSection(ProjectConfigurationPlatforms) = postSolution
		{E08AD2CD-ECD1-4611-8799-23188A0EF2DF}.DebugGame Editor|Android.ActiveCfg = BuiltWithUnrealBuildTool|Win32
		{E08AD2CD-ECD1-4611-8799-23188A0EF2DF}.DebugGame Editor|Win32.ActiveCfg = BuiltWithUnrealBuildTool|Win32
		{E08AD2CD-ECD1-4611-8799-23188A0EF2DF}.DebugGame Editor|Win64.ActiveCfg = BuiltWithUnrealBuildTool|Win32
		{E08AD2CD-ECD1-4611-8799-23188A0EF2DF}.DebugGame|Android.ActiveCfg = BuiltWithUnrealBuildTool|Win32
		{E08AD2CD-ECD1-4611-8799-23188A0EF2DF}.DebugGame|Win32.ActiveCfg = BuiltWithUnrealBuildTool|Win32
		{E08AD2CD-ECD1-4611-8799-23188A0EF2DF}.DebugGame|Win64.ActiveCfg = BuiltWithUnrealBuildTool|Win32
		{E08AD2CD-ECD1-4611-8799-23188A0EF2DF}.Development Editor|Android.ActiveCfg = BuiltWithUnrealBuildTool|Win32
		{E08AD2CD-ECD1-4611-8799-23188A0EF2DF}.Development Editor|Win32.ActiveCfg = BuiltWithUnrealBuildTool|Win32
		{E08AD2CD-ECD1-4611-8799-23188A0EF2DF}.Development Editor|Win64.ActiveCfg = BuiltWithUnrealBuildTool|Win32
		{E08AD2CD-ECD1-4611-8799-23188A0EF2DF}.Development|Android.ActiveCfg = BuiltWithUnrealBuildTool|Win32
		{E08AD2CD-ECD1-4611-8799-23188A0EF2DF}.Development|Win32.ActiveCfg = BuiltWithUnrealBuildTool|Win32
		{E08AD2CD-ECD1-4611-8799-23188A0EF2DF}.Development|Win64.ActiveCfg = BuiltWithUnrealBuildTool|Win32
		{E08AD2CD-ECD1-4611-8799-23188A0EF2DF}.Shipping|Android.ActiveCfg = BuiltWithUnrealBuildTool|Win32
		{E08AD2CD-ECD1-4611-8799-23188A0EF2DF}.Shipping|Win32.ActiveCfg = BuiltWithUnrealBuildTool|Win32
		{E08AD2CD-ECD1-4611-8799-23188A0EF2DF}.Shipping|Win64.ActiveCfg = BuiltWithUnrealBuildTool|Win32
		{EDA4FFA5-A41D-4246-862C-989B19225398}.DebugGame Editor|Android.ActiveCfg = Invalid|Win32
		{EDA4FFA5-A41D-4246-862C-989B19225398}.DebugGame Editor|Win32.ActiveCfg = Invalid|Win32
		{EDA4FFA5-A41D-4246-862C-989B19225398}.DebugGame Editor|Win64.ActiveCfg = DebugGame_Editor|x64
		{EDA4FFA5-A41D-4246-862C-989B19225398}.DebugGame Editor|Win64.Build.0 = DebugGame_Editor|x64
		{EDA4FFA5-A41D-4246-862C-989B19225398}.DebugGame|Android.ActiveCfg = Android_DebugGame|Win32
		{EDA4FFA5-A41D-4246-862C-989B19225398}.DebugGame|Android.Build.0 = Android_DebugGame|Win32
		{EDA4FFA5-A41D-4246-862C-989B19225398}.DebugGame|Win32.ActiveCfg = DebugGame|Win32
		{EDA4FFA5-A41D-4246-862C-989B19225398}.DebugGame|Win32.Build.0 = DebugGame|Win32
		{EDA4FFA5-A41D-4246-862C-989B19225398}.DebugGame|Win64.ActiveCfg = DebugGame|x64
		{EDA4FFA5-A41D-4246-862C-989B19225398}.DebugGame|Win64.Build.0 = DebugGame|x64
		{EDA4FFA5-A41D-4246-862C-989B19225398}.Development Editor|Android.ActiveCfg = Invalid|Win32
		{EDA4FFA5-A41D-4246-862C-989B19225398}.Development Editor|Win32.ActiveCfg = Invalid|Win32
		{EDA4FFA5-A41D-4246-862C-989B19225398}.Development Editor|Win64.ActiveCfg = Development_Editor|x64
		{EDA4FFA5-A41D-4246-862C-989B19225398}.Development Editor|Win64.Build.0 = Development_Editor|x64
		{EDA4FFA5-A41D-4246-862C-989B19225398}.Development|Android.ActiveCfg = Android_Development|Win32
		{EDA4FFA5-A41D-4246-862C-989B19225398}.Development|Android.Build.0 = Android_Development|Win32
		{EDA4FFA5-A41D-4246-862C-989B19225398}.Development|Win32.ActiveCfg = Development|Win32
		{EDA4FFA5-A41D-4246-862C-989B19225398}.Development|Win32.Build.0 = Development|Win32
		{EDA4FFA5-A41D-4246-862C-989B19225398}.Development|Win64.ActiveCfg = Development|x64
		{EDA4FFA5-A41D-4246-862C-989B19225398}.Development|Win64.Build.0 = Development|x64
		{EDA4FFA5-A41D-4246-862C-989B19225398}.Shipping|Android.ActiveCfg = Android_Shipping|Win32
		{EDA4FFA5-A41D-4246-862C-989B19225398}.Shipping|Android.Build.0 = Android_Shipping|Win32
		{EDA4FFA5-A41D-4246-862C-989B19225398}.Shipping|Win32.ActiveCfg = Shipping|Win32
		{EDA4FFA5-A41D-4246-862C-989B19225398}.Shipping|Win32.Build.0 = Shipping|Win32
		{EDA4FFA5-A41D-4246-862C-989B19225398}.Shipping|Win64.ActiveCfg = Shipping|x64
		{EDA4FFA5-A41D-4246-862C-989B19225398}.Shipping|Win64.Build.0 = Shipping|x64
	EndGlobalSection
	GlobalSection(SolutionProperties) = preSolution
		HideSolutionNode = FALSE
	EndGlobalSection
	GlobalSection(NestedProjects) = preSolution
		{E08AD2CD-ECD1-4611-8799-23188A0EF2DF} = {B58FB067-B0DF-477F-9FDD-99F8B76A50EA}
		{EDA4FFA5-A41D-4246-862C-989B19225398} = {1B28AAF1-D8ED-4D8C-A870-1317DE11783B}
	EndGlobalSection
EndGlobal
